// !$*UTF8*$!
{
	archiveVersion = 1;
	classes = {
	};
	objectVersion = 50;
	objects = {

/* Begin PBXBuildFile section */
		866E384D2695F47300A2A2D3 /* AppDelegate.swift in Sources */ = {isa = PBXBuildFile; fileRef = 866E384C2695F47300A2A2D3 /* AppDelegate.swift */; };
		866E384F2695F47300A2A2D3 /* SceneDelegate.swift in Sources */ = {isa = PBXBuildFile; fileRef = 866E384E2695F47300A2A2D3 /* SceneDelegate.swift */; };
		866E38512695F47300A2A2D3 /* ViewController.swift in Sources */ = {isa = PBXBuildFile; fileRef = 866E38502695F47300A2A2D3 /* ViewController.swift */; };
		866E38542695F47300A2A2D3 /* Main.storyboard in Resources */ = {isa = PBXBuildFile; fileRef = 866E38522695F47300A2A2D3 /* Main.storyboard */; };
		866E38572695F47300A2A2D3 /* test_swift.xcdatamodeld in Sources */ = {isa = PBXBuildFile; fileRef = 866E38552695F47300A2A2D3 /* test_swift.xcdatamodeld */; };
		866E38592695F47300A2A2D3 /* Assets.xcassets in Resources */ = {isa = PBXBuildFile; fileRef = 866E38582695F47300A2A2D3 /* Assets.xcassets */; };
		866E385C2695F47300A2A2D3 /* LaunchScreen.storyboard in Resources */ = {isa = PBXBuildFile; fileRef = 866E385A2695F47300A2A2D3 /* LaunchScreen.storyboard */; };
		866E38672695F47400A2A2D3 /* test_swiftTests.swift in Sources */ = {isa = PBXBuildFile; fileRef = 866E38662695F47400A2A2D3 /* test_swiftTests.swift */; };
		866E38722695F47400A2A2D3 /* test_swiftUITests.swift in Sources */ = {isa = PBXBuildFile; fileRef = 866E38712695F47400A2A2D3 /* test_swiftUITests.swift */; };
/* End PBXBuildFile section */

/* Begin PBXContainerItemProxy section */
		866E38632695F47400A2A2D3 /* PBXContainerItemProxy */ = {
			isa = PBXContainerItemProxy;
			containerPortal = 866E38412695F47300A2A2D3 /* Project object */;
			proxyType = 1;
			remoteGlobalIDString = 866E38482695F47300A2A2D3;
			remoteInfo = test_swift;
		};
		866E386E2695F47400A2A2D3 /* PBXContainerItemProxy */ = {
			isa = PBXContainerItemProxy;
			containerPortal = 866E38412695F47300A2A2D3 /* Project object */;
			proxyType = 1;
			remoteGlobalIDString = 866E38482695F47300A2A2D3;
			remoteInfo = test_swift;
		};
/* End PBXContainerItemProxy section */

/* Begin PBXFileReference section */
		866E38492695F47300A2A2D3 /* test_swift.app */ = {isa = PBXFileReference; explicitFileType = wrapper.application; includeInIndex = 0; path = test_swift.app; sourceTree = BUILT_PRODUCTS_DIR; };
		866E384C2695F47300A2A2D3 /* AppDelegate.swift */ = {isa = PBXFileReference; lastKnownFileType = sourcecode.swift; path = AppDelegate.swift; sourceTree = "<group>"; };
		866E384E2695F47300A2A2D3 /* SceneDelegate.swift */ = {isa = PBXFileReference; lastKnownFileType = sourcecode.swift; path = SceneDelegate.swift; sourceTree = "<group>"; };
		866E38502695F47300A2A2D3 /* ViewController.swift */ = {isa = PBXFileReference; lastKnownFileType = sourcecode.swift; path = ViewController.swift; sourceTree = "<group>"; };
		866E38532695F47300A2A2D3 /* Base */ = {isa = PBXFileReference; lastKnownFileType = file.storyboard; name = Base; path = Base.lproj/Main.storyboard; sourceTree = "<group>"; };
		866E38562695F47300A2A2D3 /* test_swift.xcdatamodel */ = {isa = PBXFileReference; lastKnownFileType = wrapper.xcdatamodel; path = test_swift.xcdatamodel; sourceTree = "<group>"; };
		866E38582695F47300A2A2D3 /* Assets.xcassets */ = {isa = PBXFileReference; lastKnownFileType = folder.assetcatalog; path = Assets.xcassets; sourceTree = "<group>"; };
		866E385B2695F47300A2A2D3 /* Base */ = {isa = PBXFileReference; lastKnownFileType = file.storyboard; name = Base; path = Base.lproj/LaunchScreen.storyboard; sourceTree = "<group>"; };
		866E385D2695F47300A2A2D3 /* Info.plist */ = {isa = PBXFileReference; lastKnownFileType = text.plist.xml; path = Info.plist; sourceTree = "<group>"; };
		866E38622695F47400A2A2D3 /* test_swiftTests.xctest */ = {isa = PBXFileReference; explicitFileType = wrapper.cfbundle; includeInIndex = 0; path = test_swiftTests.xctest; sourceTree = BUILT_PRODUCTS_DIR; };
		866E38662695F47400A2A2D3 /* test_swiftTests.swift */ = {isa = PBXFileReference; lastKnownFileType = sourcecode.swift; path = test_swiftTests.swift; sourceTree = "<group>"; };
		866E38682695F47400A2A2D3 /* Info.plist */ = {isa = PBXFileReference; lastKnownFileType = text.plist.xml; path = Info.plist; sourceTree = "<group>"; };
		866E386D2695F47400A2A2D3 /* test_swiftUITests.xctest */ = {isa = PBXFileReference; explicitFileType = wrapper.cfbundle; includeInIndex = 0; path = test_swiftUITests.xctest; sourceTree = BUILT_PRODUCTS_DIR; };
		866E38712695F47400A2A2D3 /* test_swiftUITests.swift */ = {isa = PBXFileReference; lastKnownFileType = sourcecode.swift; path = test_swiftUITests.swift; sourceTree = "<group>"; };
		866E38732695F47400A2A2D3 /* Info.plist */ = {isa = PBXFileReference; lastKnownFileType = text.plist.xml; path = Info.plist; sourceTree = "<group>"; };
/* End PBXFileReference section */

/* Begin PBXFrameworksBuildPhase section */
		866E38462695F47300A2A2D3 /* Frameworks */ = {
			isa = PBXFrameworksBuildPhase;
			buildActionMask = 2147483647;
			files = (
			);
			runOnlyForDeploymentPostprocessing = 0;
		};
		866E385F2695F47400A2A2D3 /* Frameworks */ = {
			isa = PBXFrameworksBuildPhase;
			buildActionMask = 2147483647;
			files = (
			);
			runOnlyForDeploymentPostprocessing = 0;
		};
		866E386A2695F47400A2A2D3 /* Frameworks */ = {
			isa = PBXFrameworksBuildPhase;
			buildActionMask = 2147483647;
			files = (
			);
			runOnlyForDeploymentPostprocessing = 0;
		};
/* End PBXFrameworksBuildPhase section */

/* Begin PBXGroup section */
		866E38402695F47300A2A2D3 = {
			isa = PBXGroup;
			children = (
				866E384B2695F47300A2A2D3 /* test_swift */,
				866E38652695F47400A2A2D3 /* test_swiftTests */,
				866E38702695F47400A2A2D3 /* test_swiftUITests */,
				866E384A2695F47300A2A2D3 /* Products */,
			);
			sourceTree = "<group>";
		};
		866E384A2695F47300A2A2D3 /* Products */ = {
			isa = PBXGroup;
			children = (
				866E38492695F47300A2A2D3 /* test_swift.app */,
				866E38622695F47400A2A2D3 /* test_swiftTests.xctest */,
				866E386D2695F47400A2A2D3 /* test_swiftUITests.xctest */,
			);
			name = Products;
			sourceTree = "<group>";
		};
		866E384B2695F47300A2A2D3 /* test_swift */ = {
			isa = PBXGroup;
			children = (
				866E384C2695F47300A2A2D3 /* AppDelegate.swift */,
				866E384E2695F47300A2A2D3 /* SceneDelegate.swift */,
				866E38502695F47300A2A2D3 /* ViewController.swift */,
				866E38522695F47300A2A2D3 /* Main.storyboard */,
				866E38582695F47300A2A2D3 /* Assets.xcassets */,
				866E385A2695F47300A2A2D3 /* LaunchScreen.storyboard */,
				866E385D2695F47300A2A2D3 /* Info.plist */,
				866E38552695F47300A2A2D3 /* test_swift.xcdatamodeld */,
			);
			path = test_swift;
			sourceTree = "<group>";
		};
		866E38652695F47400A2A2D3 /* test_swiftTests */ = {
			isa = PBXGroup;
			children = (
				866E38662695F47400A2A2D3 /* test_swiftTests.swift */,
				866E38682695F47400A2A2D3 /* Info.plist */,
			);
			path = test_swiftTests;
			sourceTree = "<group>";
		};
		866E38702695F47400A2A2D3 /* test_swiftUITests */ = {
			isa = PBXGroup;
			children = (
				866E38712695F47400A2A2D3 /* test_swiftUITests.swift */,
				866E38732695F47400A2A2D3 /* Info.plist */,
			);
			path = test_swiftUITests;
			sourceTree = "<group>";
		};
/* End PBXGroup section */

/* Begin PBXNativeTarget section */
		866E38482695F47300A2A2D3 /* test_swift */ = {
			isa = PBXNativeTarget;
			buildConfigurationList = 866E38762695F47400A2A2D3 /* Build configuration list for PBXNativeTarget "test_swift" */;
			buildPhases = (
				866E38452695F47300A2A2D3 /* Sources */,
				866E38462695F47300A2A2D3 /* Frameworks */,
				866E38472695F47300A2A2D3 /* Resources */,
			);
			buildRules = (
			);
			dependencies = (
			);
			name = test_swift;
			productName = test_swift;
			productReference = 866E38492695F47300A2A2D3 /* test_swift.app */;
			productType = "com.apple.product-type.application";
		};
		866E38612695F47400A2A2D3 /* test_swiftTests */ = {
			isa = PBXNativeTarget;
			buildConfigurationList = 866E38792695F47400A2A2D3 /* Build configuration list for PBXNativeTarget "test_swiftTests" */;
			buildPhases = (
				866E385E2695F47400A2A2D3 /* Sources */,
				866E385F2695F47400A2A2D3 /* Frameworks */,
				866E38602695F47400A2A2D3 /* Resources */,
			);
			buildRules = (
			);
			dependencies = (
				866E38642695F47400A2A2D3 /* PBXTargetDependency */,
			);
			name = test_swiftTests;
			productName = test_swiftTests;
			productReference = 866E38622695F47400A2A2D3 /* test_swiftTests.xctest */;
			productType = "com.apple.product-type.bundle.unit-test";
		};
		866E386C2695F47400A2A2D3 /* test_swiftUITests */ = {
			isa = PBXNativeTarget;
			buildConfigurationList = 866E387C2695F47400A2A2D3 /* Build configuration list for PBXNativeTarget "test_swiftUITests" */;
			buildPhases = (
				866E38692695F47400A2A2D3 /* Sources */,
				866E386A2695F47400A2A2D3 /* Frameworks */,
				866E386B2695F47400A2A2D3 /* Resources */,
			);
			buildRules = (
			);
			dependencies = (
				866E386F2695F47400A2A2D3 /* PBXTargetDependency */,
			);
			name = test_swiftUITests;
			productName = test_swiftUITests;
			productReference = 866E386D2695F47400A2A2D3 /* test_swiftUITests.xctest */;
			productType = "com.apple.product-type.bundle.ui-testing";
		};
/* End PBXNativeTarget section */

/* Begin PBXProject section */
		866E38412695F47300A2A2D3 /* Project object */ = {
			isa = PBXProject;
			attributes = {
				LastSwiftUpdateCheck = 1130;
				LastUpgradeCheck = 1130;
				ORGANIZATIONNAME = "organización_inventada";
				TargetAttributes = {
					866E38482695F47300A2A2D3 = {
						CreatedOnToolsVersion = 11.3.1;
					};
					866E38612695F47400A2A2D3 = {
						CreatedOnToolsVersion = 11.3.1;
						TestTargetID = 866E38482695F47300A2A2D3;
					};
					866E386C2695F47400A2A2D3 = {
						CreatedOnToolsVersion = 11.3.1;
						TestTargetID = 866E38482695F47300A2A2D3;
					};
				};
			};
			buildConfigurationList = 866E38442695F47300A2A2D3 /* Build configuration list for PBXProject "test_swift" */;
			compatibilityVersion = "Xcode 9.3";
			developmentRegion = en;
			hasScannedForEncodings = 0;
			knownRegions = (
				en,
				Base,
			);
			mainGroup = 866E38402695F47300A2A2D3;
			productRefGroup = 866E384A2695F47300A2A2D3 /* Products */;
			projectDirPath = "";
			projectRoot = "";
			targets = (
				866E38482695F47300A2A2D3 /* test_swift */,
				866E38612695F47400A2A2D3 /* test_swiftTests */,
				866E386C2695F47400A2A2D3 /* test_swiftUITests */,
			);
		};
/* End PBXProject section */

/* Begin PBXResourcesBuildPhase section */
		866E38472695F47300A2A2D3 /* Resources */ = {
			isa = PBXResourcesBuildPhase;
			buildActionMask = 2147483647;
			files = (
				866E385C2695F47300A2A2D3 /* LaunchScreen.storyboard in Resources */,
				866E38592695F47300A2A2D3 /* Assets.xcassets in Resources */,
				866E38542695F47300A2A2D3 /* Main.storyboard in Resources */,
			);
			runOnlyForDeploymentPostprocessing = 0;
		};
		866E38602695F47400A2A2D3 /* Resources */ = {
			isa = PBXResourcesBuildPhase;
			buildActionMask = 2147483647;
			files = (
			);
			runOnlyForDeploymentPostprocessing = 0;
		};
		866E386B2695F47400A2A2D3 /* Resources */ = {
			isa = PBXResourcesBuildPhase;
			buildActionMask = 2147483647;
			files = (
			);
			runOnlyForDeploymentPostprocessing = 0;
		};
/* End PBXResourcesBuildPhase section */

/* Begin PBXSourcesBuildPhase section */
		866E38452695F47300A2A2D3 /* Sources */ = {
			isa = PBXSourcesBuildPhase;
			buildActionMask = 2147483647;
			files = (
				866E38512695F47300A2A2D3 /* ViewController.swift in Sources */,
				866E384D2695F47300A2A2D3 /* AppDelegate.swift in Sources */,
				866E384F2695F47300A2A2D3 /* SceneDelegate.swift in Sources */,
				866E38572695F47300A2A2D3 /* test_swift.xcdatamodeld in Sources */,
			);
			runOnlyForDeploymentPostprocessing = 0;
		};
		866E385E2695F47400A2A2D3 /* Sources */ = {
			isa = PBXSourcesBuildPhase;
			buildActionMask = 2147483647;
			files = (
				866E38672695F47400A2A2D3 /* test_swiftTests.swift in Sources */,
			);
			runOnlyForDeploymentPostprocessing = 0;
		};
		866E38692695F47400A2A2D3 /* Sources */ = {
			isa = PBXSourcesBuildPhase;
			buildActionMask = 2147483647;
			files = (
				866E38722695F47400A2A2D3 /* test_swiftUITests.swift in Sources */,
			);
			runOnlyForDeploymentPostprocessing = 0;
		};
/* End PBXSourcesBuildPhase section */

/* Begin PBXTargetDependency section */
		866E38642695F47400A2A2D3 /* PBXTargetDependency */ = {
			isa = PBXTargetDependency;
			target = 866E38482695F47300A2A2D3 /* test_swift */;
			targetProxy = 866E38632695F47400A2A2D3 /* PBXContainerItemProxy */;
		};
		866E386F2695F47400A2A2D3 /* PBXTargetDependency */ = {
			isa = PBXTargetDependency;
			target = 866E38482695F47300A2A2D3 /* test_swift */;
			targetProxy = 866E386E2695F47400A2A2D3 /* PBXContainerItemProxy */;
		};
/* End PBXTargetDependency section */

/* Begin PBXVariantGroup section */
		866E38522695F47300A2A2D3 /* Main.storyboard */ = {
			isa = PBXVariantGroup;
			children = (
				866E38532695F47300A2A2D3 /* Base */,
			);
			name = Main.storyboard;
			sourceTree = "<group>";
		};
		866E385A2695F47300A2A2D3 /* LaunchScreen.storyboard */ = {
			isa = PBXVariantGroup;
			children = (
				866E385B2695F47300A2A2D3 /* Base */,
			);
			name = LaunchScreen.storyboard;
			sourceTree = "<group>";
		};
/* End PBXVariantGroup section */

/* Begin XCBuildConfiguration section */
		866E38742695F47400A2A2D3 /* Debug */ = {
			isa = XCBuildConfiguration;
			buildSettings = {
				ALWAYS_SEARCH_USER_PATHS = NO;
				CLANG_ANALYZER_NONNULL = YES;
				CLANG_ANALYZER_NUMBER_OBJECT_CONVERSION = YES_AGGRESSIVE;
				CLANG_CXX_LANGUAGE_STANDARD = "gnu++14";
				CLANG_CXX_LIBRARY = "libc++";
				CLANG_ENABLE_MODULES = YES;
				CLANG_ENABLE_OBJC_ARC = YES;
				CLANG_ENABLE_OBJC_WEAK = YES;
				CLANG_WARN_BLOCK_CAPTURE_AUTORELEASING = YES;
				CLANG_WARN_BOOL_CONVERSION = YES;
				CLANG_WARN_COMMA = YES;
				CLANG_WARN_CONSTANT_CONVERSION = YES;
				CLANG_WARN_DEPRECATED_OBJC_IMPLEMENTATIONS = YES;
				CLANG_WARN_DIRECT_OBJC_ISA_USAGE = YES_ERROR;
				CLANG_WARN_DOCUMENTATION_COMMENTS = YES;
				CLANG_WARN_EMPTY_BODY = YES;
				CLANG_WARN_ENUM_CONVERSION = YES;
				CLANG_WARN_INFINITE_RECURSION = YES;
				CLANG_WARN_INT_CONVERSION = YES;
				CLANG_WARN_NON_LITERAL_NULL_CONVERSION = YES;
				CLANG_WARN_OBJC_IMPLICIT_RETAIN_SELF = YES;
				CLANG_WARN_OBJC_LITERAL_CONVERSION = YES;
				CLANG_WARN_OBJC_ROOT_CLASS = YES_ERROR;
				CLANG_WARN_RANGE_LOOP_ANALYSIS = YES;
				CLANG_WARN_STRICT_PROTOTYPES = YES;
				CLANG_WARN_SUSPICIOUS_MOVE = YES;
				CLANG_WARN_UNGUARDED_AVAILABILITY = YES_AGGRESSIVE;
				CLANG_WARN_UNREACHABLE_CODE = YES;
				CLANG_WARN__DUPLICATE_METHOD_MATCH = YES;
				COPY_PHASE_STRIP = NO;
				DEBUG_INFORMATION_FORMAT = dwarf;
				ENABLE_STRICT_OBJC_MSGSEND = YES;
				ENABLE_TESTABILITY = YES;
				GCC_C_LANGUAGE_STANDARD = gnu11;
				GCC_DYNAMIC_NO_PIC = NO;
				GCC_NO_COMMON_BLOCKS = YES;
				GCC_OPTIMIZATION_LEVEL = 0;
				GCC_PREPROCESSOR_DEFINITIONS = (
					"DEBUG=1",
					"$(inherited)",
				);
				GCC_WARN_64_TO_32_BIT_CONVERSION = YES;
				GCC_WARN_ABOUT_RETURN_TYPE = YES_ERROR;
				GCC_WARN_UNDECLARED_SELECTOR = YES;
				GCC_WARN_UNINITIALIZED_AUTOS = YES_AGGRESSIVE;
				GCC_WARN_UNUSED_FUNCTION = YES;
				GCC_WARN_UNUSED_VARIABLE = YES;
				IPHONEOS_DEPLOYMENT_TARGET = 13.2;
				MTL_ENABLE_DEBUG_INFO = INCLUDE_SOURCE;
				MTL_FAST_MATH = YES;
				ONLY_ACTIVE_ARCH = YES;
				SDKROOT = iphoneos;
				SWIFT_ACTIVE_COMPILATION_CONDITIONS = DEBUG;
				SWIFT_OPTIMIZATION_LEVEL = "-Onone";
			};
			name = Debug;
		};
		866E38752695F47400A2A2D3 /* Release */ = {
			isa = XCBuildConfiguration;
			buildSettings = {
				ALWAYS_SEARCH_USER_PATHS = NO;
				CLANG_ANALYZER_NONNULL = YES;
				CLANG_ANALYZER_NUMBER_OBJECT_CONVERSION = YES_AGGRESSIVE;
				CLANG_CXX_LANGUAGE_STANDARD = "gnu++14";
				CLANG_CXX_LIBRARY = "libc++";
				CLANG_ENABLE_MODULES = YES;
				CLANG_ENABLE_OBJC_ARC = YES;
				CLANG_ENABLE_OBJC_WEAK = YES;
				CLANG_WARN_BLOCK_CAPTURE_AUTORELEASING = YES;
				CLANG_WARN_BOOL_CONVERSION = YES;
				CLANG_WARN_COMMA = YES;
				CLANG_WARN_CONSTANT_CONVERSION = YES;
				CLANG_WARN_DEPRECATED_OBJC_IMPLEMENTATIONS = YES;
				CLANG_WARN_DIRECT_OBJC_ISA_USAGE = YES_ERROR;
				CLANG_WARN_DOCUMENTATION_COMMENTS = YES;
				CLANG_WARN_EMPTY_BODY = YES;
				CLANG_WARN_ENUM_CONVERSION = YES;
				CLANG_WARN_INFINITE_RECURSION = YES;
				CLANG_WARN_INT_CONVERSION = YES;
				CLANG_WARN_NON_LITERAL_NULL_CONVERSION = YES;
				CLANG_WARN_OBJC_IMPLICIT_RETAIN_SELF = YES;
				CLANG_WARN_OBJC_LITERAL_CONVERSION = YES;
				CLANG_WARN_OBJC_ROOT_CLASS = YES_ERROR;
				CLANG_WARN_RANGE_LOOP_ANALYSIS = YES;
				CLANG_WARN_STRICT_PROTOTYPES = YES;
				CLANG_WARN_SUSPICIOUS_MOVE = YES;
				CLANG_WARN_UNGUARDED_AVAILABILITY = YES_AGGRESSIVE;
				CLANG_WARN_UNREACHABLE_CODE = YES;
				CLANG_WARN__DUPLICATE_METHOD_MATCH = YES;
				COPY_PHASE_STRIP = NO;
				DEBUG_INFORMATION_FORMAT = "dwarf-with-dsym";
				ENABLE_NS_ASSERTIONS = NO;
				ENABLE_STRICT_OBJC_MSGSEND = YES;
				GCC_C_LANGUAGE_STANDARD = gnu11;
				GCC_NO_COMMON_BLOCKS = YES;
				GCC_WARN_64_TO_32_BIT_CONVERSION = YES;
				GCC_WARN_ABOUT_RETURN_TYPE = YES_ERROR;
				GCC_WARN_UNDECLARED_SELECTOR = YES;
				GCC_WARN_UNINITIALIZED_AUTOS = YES_AGGRESSIVE;
				GCC_WARN_UNUSED_FUNCTION = YES;
				GCC_WARN_UNUSED_VARIABLE = YES;
				IPHONEOS_DEPLOYMENT_TARGET = 13.2;
				MTL_ENABLE_DEBUG_INFO = NO;
				MTL_FAST_MATH = YES;
				SDKROOT = iphoneos;
				SWIFT_COMPILATION_MODE = wholemodule;
				SWIFT_OPTIMIZATION_LEVEL = "-O";
				VALIDATE_PRODUCT = YES;
			};
			name = Release;
		};
		866E38772695F47400A2A2D3 /* Debug */ = {
			isa = XCBuildConfiguration;
			buildSettings = {
				ASSETCATALOG_COMPILER_APPICON_NAME = AppIcon;
				CODE_SIGN_STYLE = Automatic;
				INFOPLIST_FILE = test_swift/Info.plist;
				LD_RUNPATH_SEARCH_PATHS = (
					"$(inherited)",
					"@executable_path/Frameworks",
				);
				PRODUCT_BUNDLE_IDENTIFIER = "organizacio-n-inventada.test-swift";
				PRODUCT_NAME = "$(TARGET_NAME)";
				SWIFT_VERSION = 5.0;
				TARGETED_DEVICE_FAMILY = "1,2";
			};
			name = Debug;
		};
		866E38782695F47400A2A2D3 /* Release */ = {
			isa = XCBuildConfiguration;
			buildSettings = {
				ASSETCATALOG_COMPILER_APPICON_NAME = AppIcon;
				CODE_SIGN_STYLE = Automatic;
				INFOPLIST_FILE = test_swift/Info.plist;
				LD_RUNPATH_SEARCH_PATHS = (
					"$(inherited)",
					"@executable_path/Frameworks",
				);
				PRODUCT_BUNDLE_IDENTIFIER = "organizacio-n-inventada.test-swift";
				PRODUCT_NAME = "$(TARGET_NAME)";
				SWIFT_VERSION = 5.0;
				TARGETED_DEVICE_FAMILY = "1,2";
			};
			name = Release;
		};
		866E387A2695F47400A2A2D3 /* Debug */ = {
			isa = XCBuildConfiguration;
			buildSettings = {
				ALWAYS_EMBED_SWIFT_STANDARD_LIBRARIES = YES;
				BUNDLE_LOADER = "$(TEST_HOST)";
				CODE_SIGN_STYLE = Automatic;
				INFOPLIST_FILE = test_swiftTests/Info.plist;
				IPHONEOS_DEPLOYMENT_TARGET = 13.2;
				LD_RUNPATH_SEARCH_PATHS = (
					"$(inherited)",
					"@executable_path/Frameworks",
					"@loader_path/Frameworks",
				);
				PRODUCT_BUNDLE_IDENTIFIER = "organizacio-n-inventada.test-swiftTests";
				PRODUCT_NAME = "$(TARGET_NAME)";
				SWIFT_VERSION = 5.0;
				TARGETED_DEVICE_FAMILY = "1,2";
				TEST_HOST = "$(BUILT_PRODUCTS_DIR)/test_swift.app/test_swift";
			};
			name = Debug;
		};
		866E387B2695F47400A2A2D3 /* Release */ = {
			isa = XCBuildConfiguration;
			buildSettings = {
				ALWAYS_EMBED_SWIFT_STANDARD_LIBRARIES = YES;
				BUNDLE_LOADER = "$(TEST_HOST)";
				CODE_SIGN_STYLE = Automatic;
				INFOPLIST_FILE = test_swiftTests/Info.plist;
				IPHONEOS_DEPLOYMENT_TARGET = 13.2;
				LD_RUNPATH_SEARCH_PATHS = (
					"$(inherited)",
					"@executable_path/Frameworks",
					"@loader_path/Frameworks",
				);
				PRODUCT_BUNDLE_IDENTIFIER = "organizacio-n-inventada.test-swiftTests";
				PRODUCT_NAME = "$(TARGET_NAME)";
				SWIFT_VERSION = 5.0;
				TARGETED_DEVICE_FAMILY = "1,2";
				TEST_HOST = "$(BUILT_PRODUCTS_DIR)/test_swift.app/test_swift";
			};
			name = Release;
		};
		866E387D2695F47400A2A2D3 /* Debug */ = {
			isa = XCBuildConfiguration;
			buildSettings = {
				ALWAYS_EMBED_SWIFT_STANDARD_LIBRARIES = YES;
				CODE_SIGN_STYLE = Automatic;
				INFOPLIST_FILE = test_swiftUITests/Info.plist;
				LD_RUNPATH_SEARCH_PATHS = (
					"$(inherited)",
					"@executable_path/Frameworks",
					"@loader_path/Frameworks",
				);
				PRODUCT_BUNDLE_IDENTIFIER = "organizacio-n-inventada.test-swiftUITests";
				PRODUCT_NAME = "$(TARGET_NAME)";
				SWIFT_VERSION = 5.0;
				TARGETED_DEVICE_FAMILY = "1,2";
				TEST_TARGET_NAME = test_swift;
			};
			name = Debug;
		};
		866E387E2695F47400A2A2D3 /* Release */ = {
			isa = XCBuildConfiguration;
			buildSettings = {
				ALWAYS_EMBED_SWIFT_STANDARD_LIBRARIES = YES;
				CODE_SIGN_STYLE = Automatic;
				INFOPLIST_FILE = test_swiftUITests/Info.plist;
				LD_RUNPATH_SEARCH_PATHS = (
					"$(inherited)",
					"@executable_path/Frameworks",
					"@loader_path/Frameworks",
				);
				PRODUCT_BUNDLE_IDENTIFIER = "organizacio-n-inventada.test-swiftUITests";
				PRODUCT_NAME = "$(TARGET_NAME)";
				SWIFT_VERSION = 5.0;
				TARGETED_DEVICE_FAMILY = "1,2";
				TEST_TARGET_NAME = test_swift;
			};
			name = Release;
		};
/* End XCBuildConfiguration section */

/* Begin XCConfigurationList section */
		866E38442695F47300A2A2D3 /* Build configuration list for PBXProject "test_swift" */ = {
			isa = XCConfigurationList;
			buildConfigurations = (
				866E38742695F47400A2A2D3 /* Debug */,
				866E38752695F47400A2A2D3 /* Release */,
			);
			defaultConfigurationIsVisible = 0;
			defaultConfigurationName = Release;
		};
		866E38762695F47400A2A2D3 /* Build configuration list for PBXNativeTarget "test_swift" */ = {
			isa = XCConfigurationList;
			buildConfigurations = (
				866E38772695F47400A2A2D3 /* Debug */,
				866E38782695F47400A2A2D3 /* Release */,
			);
			defaultConfigurationIsVisible = 0;
			defaultConfigurationName = Release;
		};
		866E38792695F47400A2A2D3 /* Build configuration list for PBXNativeTarget "test_swiftTests" */ = {
			isa = XCConfigurationList;
			buildConfigurations = (
				866E387A2695F47400A2A2D3 /* Debug */,
				866E387B2695F47400A2A2D3 /* Release */,
			);
			defaultConfigurationIsVisible = 0;
			defaultConfigurationName = Release;
		};
		866E387C2695F47400A2A2D3 /* Build configuration list for PBXNativeTarget "test_swiftUITests" */ = {
			isa = XCConfigurationList;
			buildConfigurations = (
				866E387D2695F47400A2A2D3 /* Debug */,
				866E387E2695F47400A2A2D3 /* Release */,
			);
			defaultConfigurationIsVisible = 0;
			defaultConfigurationName = Release;
		};
/* End XCConfigurationList section */

/* Begin XCVersionGroup section */
		866E38552695F47300A2A2D3 /* test_swift.xcdatamodeld */ = {
			isa = XCVersionGroup;
			children = (
				866E38562695F47300A2A2D3 /* test_swift.xcdatamodel */,
			);
			currentVersion = 866E38562695F47300A2A2D3 /* test_swift.xcdatamodel */;
			path = test_swift.xcdatamodeld;
			sourceTree = "<group>";
			versionGroupType = wrapper.xcdatamodel;
		};
/* End XCVersionGroup section */
	};
	rootObject = 866E38412695F47300A2A2D3 /* Project object */;
}
